
Microsoft Visual Studio Solution File, Format Version 12.00
# Visual Studio 15
VisualStudioVersion = 15.0.26430.15
MinimumVisualStudioVersion = 10.0.40219.1
Project("{FAE04EC0-301F-11D3-BF4B-00C04F79EFBC}") = "Egg82LibEnhanced", "Egg82LibEnhanced\Egg82LibEnhanced.csproj", "{A8159C56-07D9-4915-9219-F02880A3012E}"
EndProject
Project("{FAE04EC0-301F-11D3-BF4B-00C04F79EFBC}") = "Test", "Test\Test.csproj", "{6468837B-1F4F-4618-8CA6-3BCD2241E262}"
EndProject
Global
	GlobalSection(Performance) = preSolution
		HasPerformanceSessions = true
	EndGlobalSection
	GlobalSection(SolutionConfigurationPlatforms) = preSolution
		Debug|Any CPU = Debug|Any CPU
		Release|Any CPU = Release|Any CPU
	EndGlobalSection
	GlobalSection(ProjectConfigurationPlatforms) = postSolution
		{A8159C56-07D9-4915-9219-F02880A3012E}.Debug|Any CPU.ActiveCfg = Debug|Any CPU
		{A8159C56-07D9-4915-9219-F02880A3012E}.Debug|Any CPU.Build.0 = Debug|Any CPU
		{A8159C56-07D9-4915-9219-F02880A3012E}.Release|Any CPU.ActiveCfg = Release|Any CPU
		{A8159C56-07D9-4915-9219-F02880A3012E}.Release|Any CPU.Build.0 = Release|Any CPU
		{6468837B-1F4F-4618-8CA6-3BCD2241E262}.Debug|Any CPU.ActiveCfg = Debug|Any CPU
		{6468837B-1F4F-4618-8CA6-3BCD2241E262}.Debug|Any CPU.Build.0 = Debug|Any CPU
		{6468837B-1F4F-4618-8CA6-3BCD2241E262}.Release|Any CPU.ActiveCfg = Release|Any CPU
		{6468837B-1F4F-4618-8CA6-3BCD2241E262}.Release|Any CPU.Build.0 = Release|Any CPU
	EndGlobalSection
	GlobalSection(SolutionProperties) = preSolution
		HideSolutionNode = FALSE
	EndGlobalSection
	GlobalSection(Performance) = preSolution
		HasPerformanceSessions = true
	EndGlobalSection
	GlobalSection(Performance) = preSolution
		HasPerformanceSessions = true
	EndGlobalSection
	GlobalSection(Performance) = preSolution
		HasPerformanceSessions = true
	EndGlobalSection
	GlobalSection(Performance) = preSolution
		HasPerformanceSessions = true
	EndGlobalSection
	GlobalSection(Performance) = preSolution
		HasPerformanceSessions = true
	EndGlobalSection
	GlobalSection(Performance) = preSolution
		HasPerformanceSessions = true
	EndGlobalSection
	GlobalSection(Performance) = preSolution
		HasPerformanceSessions = true
	EndGlobalSection
	GlobalSection(Performance) = preSolution
		HasPerformanceSessions = true
	EndGlobalSection
	GlobalSection(Performance) = preSolution
		HasPerformanceSessions = true
	EndGlobalSection
	GlobalSection(Performance) = preSolution
		HasPerformanceSessions = true
	EndGlobalSection
EndGlobal
